
Microsoft Visual Studio Solution File, Format Version 12.00
# Visual Studio Version 17
VisualStudioVersion = 17.8.34316.72
MinimumVisualStudioVersion = 10.0.40219.1
Project("{FAE04EC0-301F-11D3-BF4B-00C04F79EFBC}") = "ConsoleApp1", "ConsoleApp1\ConsoleApp1.csproj", "{35FB5504-CE6C-46F4-A90F-31064C0DB51B}"
EndProject
Global
	GlobalSection(SolutionConfigurationPlatforms) = preSolution
		Debug|Any CPU = Debug|Any CPU
		Release|Any CPU = Release|Any CPU
	EndGlobalSection
	GlobalSection(ProjectConfigurationPlatforms) = postSolution
		{35FB5504-CE6C-46F4-A90F-31064C0DB51B}.Debug|Any CPU.ActiveCfg = Debug|Any CPU
		{35FB5504-CE6C-46F4-A90F-31064C0DB51B}.Debug|Any CPU.Build.0 = Debug|Any CPU
		{35FB5504-CE6C-46F4-A90F-31064C0DB51B}.Release|Any CPU.ActiveCfg = Release|Any CPU
		{35FB5504-CE6C-46F4-A90F-31064C0DB51B}.Release|Any CPU.Build.0 = Release|Any CPU
	EndGlobalSection
	GlobalSection(SolutionProperties) = preSolution
		HideSolutionNode = FALSE
	EndGlobalSection
	GlobalSection(ExtensibilityGlobals) = postSolution
		SolutionGuid = {3DBA2949-D2A8-4973-83CA-444DA33A5925}
	EndGlobalSection
EndGlobal
